
Microsoft Visual Studio Solution File, Format Version 12.00
# Visual Studio Version 17
VisualStudioVersion = 17.11.35312.102
MinimumVisualStudioVersion = 10.0.40219.1
Project("{9A19103F-16F7-4668-BE54-9A1E7A4F7556}") = "TuDa.CIMS.Api", "src\TuDa.CIMS.Api\TuDa.CIMS.Api.csproj", "{A532F427-D7A5-4BEA-9F1B-B812093E7BC0}"
EndProject
Project("{2150E333-8FDC-42A3-9474-1A3956D46DE8}") = "infrastructure", "infrastructure", "{75B40CC1-517E-4A53-8993-23F59613AA30}"
	ProjectSection(SolutionItems) = preProject
		docker-compose.yml = docker-compose.yml
	EndProjectSection
EndProject
Project("{9A19103F-16F7-4668-BE54-9A1E7A4F7556}") = "TuDa.CIMS.Shared", "src\TuDa.CIMS.Shared\TuDa.CIMS.Shared.csproj", "{8613E185-9946-4E84-96EC-B0358333F8E4}"
EndProject
Project("{9A19103F-16F7-4668-BE54-9A1E7A4F7556}") = "TuDa.CIMS.Web", "src\TuDa.CIMS.Web\TuDa.CIMS.Web.csproj", "{6C68F0E9-B135-4957-8A35-AE1BCA1A2F21}"
EndProject
Project("{9A19103F-16F7-4668-BE54-9A1E7A4F7556}") = "TuDa.CIMS.Web.Test", "test\TuDa.CIMS.Web.Test\TuDa.CIMS.Web.Test.csproj", "{CD89505D-FA85-4962-B004-C4C0780196E3}"
EndProject
Project("{2150E333-8FDC-42A3-9474-1A3956D46DE8}") = "test", "test", "{A78619F8-AAF0-444B-BFC2-6C5A6882243E}"
EndProject
Project("{2150E333-8FDC-42A3-9474-1A3956D46DE8}") = "src", "src", "{3FCAC1FD-3078-43C1-A9BE-40E7F9BE0388}"
EndProject
Project("{9A19103F-16F7-4668-BE54-9A1E7A4F7556}") = "TuDa.CIMS.Api.Test", "test\TuDa.CIMS.Api.Test\TuDa.CIMS.Api.Test.csproj", "{AA895B46-1C78-431C-A1E1-537899A3F0E7}"
EndProject
Project("{9A19103F-16F7-4668-BE54-9A1E7A4F7556}") = "TuDa.CIMS.Shared.Test", "test\TuDa.CIMS.Shared.Test\TuDa.CIMS.Shared.Test.csproj", "{430BC609-E4EC-42EF-AFD7-27DD5D587E41}"
EndProject
Project("{FAE04EC0-301F-11D3-BF4B-00C04F79EFBC}") = "TuDa.CIMS.AppHost", "infrastructure\TuDa.CIMS.AppHost\TuDa.CIMS.AppHost.csproj", "{294A7181-ABB2-4F79-8FAD-8AE533A857AC}"
EndProject
Project("{9A19103F-16F7-4668-BE54-9A1E7A4F7556}") = "TuDa.CIMS.ServiceDefaults", "infrastructure\TuDa.CIMS.ServiceDefaults\TuDa.CIMS.ServiceDefaults.csproj", "{010B5E27-E764-4C39-9BD5-645604184711}"
EndProject
Project("{FAE04EC0-301F-11D3-BF4B-00C04F79EFBC}") = "TuDa.CIMS.MigrationService", "infrastructure\TuDa.CIMS.MigrationService\TuDa.CIMS.MigrationService.csproj", "{06216752-C73E-4496-9899-B8FE77871137}"
EndProject
Project("{FAE04EC0-301F-11D3-BF4B-00C04F79EFBC}") = "TuDa.CIMS.ExcelImporter", "infrastructure\TuDa.CIMS.ExcelImporter\TuDa.CIMS.ExcelImporter.csproj", "{FEE3854D-2321-48DA-ADCB-CF95BFF0F9D7}"
EndProject
Global
	GlobalSection(SolutionConfigurationPlatforms) = preSolution
		Debug|Any CPU = Debug|Any CPU
		Release|Any CPU = Release|Any CPU
	EndGlobalSection
	GlobalSection(ProjectConfigurationPlatforms) = postSolution
		{A532F427-D7A5-4BEA-9F1B-B812093E7BC0}.Debug|Any CPU.ActiveCfg = Debug|Any CPU
		{A532F427-D7A5-4BEA-9F1B-B812093E7BC0}.Debug|Any CPU.Build.0 = Debug|Any CPU
		{A532F427-D7A5-4BEA-9F1B-B812093E7BC0}.Release|Any CPU.ActiveCfg = Release|Any CPU
		{A532F427-D7A5-4BEA-9F1B-B812093E7BC0}.Release|Any CPU.Build.0 = Release|Any CPU
		{8613E185-9946-4E84-96EC-B0358333F8E4}.Debug|Any CPU.ActiveCfg = Debug|Any CPU
		{8613E185-9946-4E84-96EC-B0358333F8E4}.Debug|Any CPU.Build.0 = Debug|Any CPU
		{8613E185-9946-4E84-96EC-B0358333F8E4}.Release|Any CPU.ActiveCfg = Release|Any CPU
		{8613E185-9946-4E84-96EC-B0358333F8E4}.Release|Any CPU.Build.0 = Release|Any CPU
		{6C68F0E9-B135-4957-8A35-AE1BCA1A2F21}.Debug|Any CPU.ActiveCfg = Debug|Any CPU
		{6C68F0E9-B135-4957-8A35-AE1BCA1A2F21}.Debug|Any CPU.Build.0 = Debug|Any CPU
		{6C68F0E9-B135-4957-8A35-AE1BCA1A2F21}.Release|Any CPU.ActiveCfg = Release|Any CPU
		{6C68F0E9-B135-4957-8A35-AE1BCA1A2F21}.Release|Any CPU.Build.0 = Release|Any CPU
		{CD89505D-FA85-4962-B004-C4C0780196E3}.Debug|Any CPU.ActiveCfg = Debug|Any CPU
		{CD89505D-FA85-4962-B004-C4C0780196E3}.Debug|Any CPU.Build.0 = Debug|Any CPU
		{CD89505D-FA85-4962-B004-C4C0780196E3}.Release|Any CPU.ActiveCfg = Release|Any CPU
		{CD89505D-FA85-4962-B004-C4C0780196E3}.Release|Any CPU.Build.0 = Release|Any CPU
		{AA895B46-1C78-431C-A1E1-537899A3F0E7}.Debug|Any CPU.ActiveCfg = Debug|Any CPU
		{AA895B46-1C78-431C-A1E1-537899A3F0E7}.Debug|Any CPU.Build.0 = Debug|Any CPU
		{AA895B46-1C78-431C-A1E1-537899A3F0E7}.Release|Any CPU.ActiveCfg = Release|Any CPU
		{AA895B46-1C78-431C-A1E1-537899A3F0E7}.Release|Any CPU.Build.0 = Release|Any CPU
		{430BC609-E4EC-42EF-AFD7-27DD5D587E41}.Debug|Any CPU.ActiveCfg = Debug|Any CPU
		{430BC609-E4EC-42EF-AFD7-27DD5D587E41}.Debug|Any CPU.Build.0 = Debug|Any CPU
		{430BC609-E4EC-42EF-AFD7-27DD5D587E41}.Release|Any CPU.ActiveCfg = Release|Any CPU
		{430BC609-E4EC-42EF-AFD7-27DD5D587E41}.Release|Any CPU.Build.0 = Release|Any CPU
		{294A7181-ABB2-4F79-8FAD-8AE533A857AC}.Debug|Any CPU.ActiveCfg = Debug|Any CPU
		{294A7181-ABB2-4F79-8FAD-8AE533A857AC}.Debug|Any CPU.Build.0 = Debug|Any CPU
		{294A7181-ABB2-4F79-8FAD-8AE533A857AC}.Release|Any CPU.ActiveCfg = Release|Any CPU
		{294A7181-ABB2-4F79-8FAD-8AE533A857AC}.Release|Any CPU.Build.0 = Release|Any CPU
		{010B5E27-E764-4C39-9BD5-645604184711}.Debug|Any CPU.ActiveCfg = Debug|Any CPU
		{010B5E27-E764-4C39-9BD5-645604184711}.Debug|Any CPU.Build.0 = Debug|Any CPU
		{010B5E27-E764-4C39-9BD5-645604184711}.Release|Any CPU.ActiveCfg = Release|Any CPU
		{010B5E27-E764-4C39-9BD5-645604184711}.Release|Any CPU.Build.0 = Release|Any CPU
		{06216752-C73E-4496-9899-B8FE77871137}.Debug|Any CPU.ActiveCfg = Debug|Any CPU
		{06216752-C73E-4496-9899-B8FE77871137}.Debug|Any CPU.Build.0 = Debug|Any CPU
		{06216752-C73E-4496-9899-B8FE77871137}.Release|Any CPU.ActiveCfg = Release|Any CPU
		{06216752-C73E-4496-9899-B8FE77871137}.Release|Any CPU.Build.0 = Release|Any CPU
		{FEE3854D-2321-48DA-ADCB-CF95BFF0F9D7}.Debug|Any CPU.ActiveCfg = Debug|Any CPU
		{FEE3854D-2321-48DA-ADCB-CF95BFF0F9D7}.Debug|Any CPU.Build.0 = Debug|Any CPU
		{FEE3854D-2321-48DA-ADCB-CF95BFF0F9D7}.Release|Any CPU.ActiveCfg = Release|Any CPU
		{FEE3854D-2321-48DA-ADCB-CF95BFF0F9D7}.Release|Any CPU.Build.0 = Release|Any CPU
	EndGlobalSection
	GlobalSection(SolutionProperties) = preSolution
		HideSolutionNode = FALSE
	EndGlobalSection
	GlobalSection(NestedProjects) = preSolution
		{A532F427-D7A5-4BEA-9F1B-B812093E7BC0} = {3FCAC1FD-3078-43C1-A9BE-40E7F9BE0388}
		{8613E185-9946-4E84-96EC-B0358333F8E4} = {3FCAC1FD-3078-43C1-A9BE-40E7F9BE0388}
		{6C68F0E9-B135-4957-8A35-AE1BCA1A2F21} = {3FCAC1FD-3078-43C1-A9BE-40E7F9BE0388}
		{CD89505D-FA85-4962-B004-C4C0780196E3} = {A78619F8-AAF0-444B-BFC2-6C5A6882243E}
		{AA895B46-1C78-431C-A1E1-537899A3F0E7} = {A78619F8-AAF0-444B-BFC2-6C5A6882243E}
		{430BC609-E4EC-42EF-AFD7-27DD5D587E41} = {A78619F8-AAF0-444B-BFC2-6C5A6882243E}
		{294A7181-ABB2-4F79-8FAD-8AE533A857AC} = {75B40CC1-517E-4A53-8993-23F59613AA30}
		{010B5E27-E764-4C39-9BD5-645604184711} = {75B40CC1-517E-4A53-8993-23F59613AA30}
		{06216752-C73E-4496-9899-B8FE77871137} = {75B40CC1-517E-4A53-8993-23F59613AA30}
		{FEE3854D-2321-48DA-ADCB-CF95BFF0F9D7} = {75B40CC1-517E-4A53-8993-23F59613AA30}
	EndGlobalSection
	GlobalSection(ExtensibilityGlobals) = postSolution
		SolutionGuid = {B490D6E1-3A6B-4BEA-AC94-F5B81C53D618}
	EndGlobalSection
EndGlobal
